
Microsoft Visual Studio Solution File, Format Version 12.00
# Visual Studio 2013
VisualStudioVersion = 12.0.30723.0
MinimumVisualStudioVersion = 10.0.40219.1
Project("{FAE04EC0-301F-11D3-BF4B-00C04F79EFBC}") = "e-dent", "e-dent\e-dent.csproj", "{FF6E409E-CA78-4450-A434-8EA673EF5A75}"
	ProjectSection(ProjectDependencies) = postProject
		{9A9ABA02-1891-4BFB-8E08-572320E49F94} = {9A9ABA02-1891-4BFB-8E08-572320E49F94}
	EndProjectSection
EndProject
Project("{FAE04EC0-301F-11D3-BF4B-00C04F79EFBC}") = "core_service", "core_service\core_service.csproj", "{9A9ABA02-1891-4BFB-8E08-572320E49F94}"
	ProjectSection(ProjectDependencies) = postProject
		{1B96558D-C2ED-4FD3-A3A9-A45D3FAD1A79} = {1B96558D-C2ED-4FD3-A3A9-A45D3FAD1A79}
	EndProjectSection
EndProject
Project("{FAE04EC0-301F-11D3-BF4B-00C04F79EFBC}") = "mainDB_service", "mainDB_service\mainDB_service.csproj", "{1B96558D-C2ED-4FD3-A3A9-A45D3FAD1A79}"
EndProject
Global
	GlobalSection(SolutionConfigurationPlatforms) = preSolution
		Debug|Any CPU = Debug|Any CPU
		Release|Any CPU = Release|Any CPU
	EndGlobalSection
	GlobalSection(ProjectConfigurationPlatforms) = postSolution
		{FF6E409E-CA78-4450-A434-8EA673EF5A75}.Debug|Any CPU.ActiveCfg = Debug|Any CPU
		{FF6E409E-CA78-4450-A434-8EA673EF5A75}.Debug|Any CPU.Build.0 = Debug|Any CPU
		{FF6E409E-CA78-4450-A434-8EA673EF5A75}.Release|Any CPU.ActiveCfg = Release|Any CPU
		{FF6E409E-CA78-4450-A434-8EA673EF5A75}.Release|Any CPU.Build.0 = Release|Any CPU
		{9A9ABA02-1891-4BFB-8E08-572320E49F94}.Debug|Any CPU.ActiveCfg = Debug|Any CPU
		{9A9ABA02-1891-4BFB-8E08-572320E49F94}.Debug|Any CPU.Build.0 = Debug|Any CPU
		{9A9ABA02-1891-4BFB-8E08-572320E49F94}.Release|Any CPU.ActiveCfg = Release|Any CPU
		{9A9ABA02-1891-4BFB-8E08-572320E49F94}.Release|Any CPU.Build.0 = Release|Any CPU
		{1B96558D-C2ED-4FD3-A3A9-A45D3FAD1A79}.Debug|Any CPU.ActiveCfg = Debug|Any CPU
		{1B96558D-C2ED-4FD3-A3A9-A45D3FAD1A79}.Debug|Any CPU.Build.0 = Debug|Any CPU
		{1B96558D-C2ED-4FD3-A3A9-A45D3FAD1A79}.Release|Any CPU.ActiveCfg = Release|Any CPU
		{1B96558D-C2ED-4FD3-A3A9-A45D3FAD1A79}.Release|Any CPU.Build.0 = Release|Any CPU
	EndGlobalSection
	GlobalSection(SolutionProperties) = preSolution
		HideSolutionNode = FALSE
	EndGlobalSection
EndGlobal
